
Microsoft Visual Studio Solution File, Format Version 12.00
# Visual Studio Version 17
VisualStudioVersion = 17.7.34031.279
MinimumVisualStudioVersion = 10.0.40219.1
Project("{2150E333-8FDC-42A3-9474-1A3956D46DE8}") = "src", "src", "{15C99770-D641-47F5-A0E0-B28DB088FAC0}"
EndProject
Project("{FAE04EC0-301F-11D3-BF4B-00C04F79EFBC}") = "HttpRequest.API", "src\HttpRequest.API\HttpRequest.API.csproj", "{A98DCD7A-4E13-4806-BE34-8E12750AD47A}"
EndProject
Global
	GlobalSection(SolutionConfigurationPlatforms) = preSolution
		Debug|Any CPU = Debug|Any CPU
		Release|Any CPU = Release|Any CPU
	EndGlobalSection
	GlobalSection(ProjectConfigurationPlatforms) = postSolution
		{A98DCD7A-4E13-4806-BE34-8E12750AD47A}.Debug|Any CPU.ActiveCfg = Debug|Any CPU
		{A98DCD7A-4E13-4806-BE34-8E12750AD47A}.Debug|Any CPU.Build.0 = Debug|Any CPU
		{A98DCD7A-4E13-4806-BE34-8E12750AD47A}.Release|Any CPU.ActiveCfg = Release|Any CPU
		{A98DCD7A-4E13-4806-BE34-8E12750AD47A}.Release|Any CPU.Build.0 = Release|Any CPU
	EndGlobalSection
	GlobalSection(SolutionProperties) = preSolution
		HideSolutionNode = FALSE
	EndGlobalSection
	GlobalSection(NestedProjects) = preSolution
		{A98DCD7A-4E13-4806-BE34-8E12750AD47A} = {15C99770-D641-47F5-A0E0-B28DB088FAC0}
	EndGlobalSection
	GlobalSection(ExtensibilityGlobals) = postSolution
		SolutionGuid = {E8C21BD2-C4D5-468A-BC88-C0B9A0AC45C3}
	EndGlobalSection
EndGlobal
